// !$*UTF8*$!
{
	archiveVersion = 1;
	classes = {
	};
	objectVersion = 46;
	objects = {

/* Begin PBXBuildFile section */
		5B29FBB81E146D0B00694CFC /* AppDelegate.swift in Sources */ = {isa = PBXBuildFile; fileRef = 5B29FBB71E146D0B00694CFC /* AppDelegate.swift */; };
		5B29FBBA1E146D0B00694CFC /* ViewController.swift in Sources */ = {isa = PBXBuildFile; fileRef = 5B29FBB91E146D0B00694CFC /* ViewController.swift */; };
		5B29FBBD1E146D0B00694CFC /* Main.storyboard in Resources */ = {isa = PBXBuildFile; fileRef = 5B29FBBB1E146D0B00694CFC /* Main.storyboard */; };
		5B29FBBF1E146D0B00694CFC /* Assets.xcassets in Resources */ = {isa = PBXBuildFile; fileRef = 5B29FBBE1E146D0B00694CFC /* Assets.xcassets */; };
		5B29FBC21E146D0B00694CFC /* LaunchScreen.storyboard in Resources */ = {isa = PBXBuildFile; fileRef = 5B29FBC01E146D0B00694CFC /* LaunchScreen.storyboard */; };
/* End PBXBuildFile section */

/* Begin PBXFileReference section */
		5B29FBB41E146D0B00694CFC /* JSON Demo.app */ = {isa = PBXFileReference; explicitFileType = wrapper.application; includeInIndex = 0; path = "JSON Demo.app"; sourceTree = BUILT_PRODUCTS_DIR; };
		5B29FBB71E146D0B00694CFC /* AppDelegate.swift */ = {isa = PBXFileReference; lastKnownFileType = sourcecode.swift; path = AppDelegate.swift; sourceTree = "<group>"; };
		5B29FBB91E146D0B00694CFC /* ViewController.swift */ = {isa = PBXFileReference; lastKnownFileType = sourcecode.swift; path = ViewController.swift; sourceTree = "<group>"; };
		5B29FBBC1E146D0B00694CFC /* Base */ = {isa = PBXFileReference; lastKnownFileType = file.storyboard; name = Base; path = Base.lproj/Main.storyboard; sourceTree = "<group>"; };
		5B29FBBE1E146D0B00694CFC /* Assets.xcassets */ = {isa = PBXFileReference; lastKnownFileType = folder.assetcatalog; path = Assets.xcassets; sourceTree = "<group>"; };
		5B29FBC11E146D0B00694CFC /* Base */ = {isa = PBXFileReference; lastKnownFileType = file.storyboard; name = Base; path = Base.lproj/LaunchScreen.storyboard; sourceTree = "<group>"; };
		5B29FBC31E146D0B00694CFC /* Info.plist */ = {isa = PBXFileReference; lastKnownFileType = text.plist.xml; path = Info.plist; sourceTree = "<group>"; };
/* End PBXFileReference section */

/* Begin PBXFrameworksBuildPhase section */
		5B29FBB11E146D0B00694CFC /* Frameworks */ = {
			isa = PBXFrameworksBuildPhase;
			buildActionMask = 2147483647;
			files = (
			);
			runOnlyForDeploymentPostprocessing = 0;
		};
/* End PBXFrameworksBuildPhase section */

/* Begin PBXGroup section */
		5B29FBAB1E146D0B00694CFC = {
			isa = PBXGroup;
			children = (
				5B29FBB61E146D0B00694CFC /* JSON Demo */,
				5B29FBB51E146D0B00694CFC /* Products */,
			);
			sourceTree = "<group>";
		};
		5B29FBB51E146D0B00694CFC /* Products */ = {
			isa = PBXGroup;
			children = (
				5B29FBB41E146D0B00694CFC /* JSON Demo.app */,
			);
			name = Products;
			sourceTree = "<group>";
		};
		5B29FBB61E146D0B00694CFC /* JSON Demo */ = {
			isa = PBXGroup;
			children = (
				5B29FBB71E146D0B00694CFC /* AppDelegate.swift */,
				5B29FBB91E146D0B00694CFC /* ViewController.swift */,
				5B29FBBB1E146D0B00694CFC /* Main.storyboard */,
				5B29FBBE1E146D0B00694CFC /* Assets.xcassets */,
				5B29FBC01E146D0B00694CFC /* LaunchScreen.storyboard */,
				5B29FBC31E146D0B00694CFC /* Info.plist */,
			);
			path = "JSON Demo";
			sourceTree = "<group>";
		};
/* End PBXGroup section */

/* Begin PBXNativeTarget section */
		5B29FBB31E146D0B00694CFC /* JSON Demo */ = {
			isa = PBXNativeTarget;
			buildConfigurationList = 5B29FBC61E146D0B00694CFC /* Build configuration list for PBXNativeTarget "JSON Demo" */;
			buildPhases = (
				5B29FBB01E146D0B00694CFC /* Sources */,
				5B29FBB11E146D0B00694CFC /* Frameworks */,
				5B29FBB21E146D0B00694CFC /* Resources */,
			);
			buildRules = (
			);
			dependencies = (
			);
			name = "JSON Demo";
			productName = "JSON Demo";
			productReference = 5B29FBB41E146D0B00694CFC /* JSON Demo.app */;
			productType = "com.apple.product-type.application";
		};
/* End PBXNativeTarget section */

/* Begin PBXProject section */
		5B29FBAC1E146D0B00694CFC /* Project object */ = {
			isa = PBXProject;
			attributes = {
				LastSwiftUpdateCheck = 0730;
				LastUpgradeCheck = 0730;
				ORGANIZATIONNAME = castraea;
				TargetAttributes = {
					5B29FBB31E146D0B00694CFC = {
						CreatedOnToolsVersion = 7.3.1;
					};
				};
			};
			buildConfigurationList = 5B29FBAF1E146D0B00694CFC /* Build configuration list for PBXProject "JSON Demo" */;
			compatibilityVersion = "Xcode 3.2";
			developmentRegion = English;
			hasScannedForEncodings = 0;
			knownRegions = (
				en,
				Base,
			);
			mainGroup = 5B29FBAB1E146D0B00694CFC;
			productRefGroup = 5B29FBB51E146D0B00694CFC /* Products */;
			projectDirPath = "";
			projectRoot = "";
			targets = (
				5B29FBB31E146D0B00694CFC /* JSON Demo */,
			);
		};
/* End PBXProject section */

/* Begin PBXResourcesBuildPhase section */
		5B29FBB21E146D0B00694CFC /* Resources */ = {
			isa = PBXResourcesBuildPhase;
			buildActionMask = 2147483647;
			files = (
				5B29FBC21E146D0B00694CFC /* LaunchScreen.storyboard in Resources */,
				5B29FBBF1E146D0B00694CFC /* Assets.xcassets in Resources */,
				5B29FBBD1E146D0B00694CFC /* Main.storyboard in Resources */,
			);
			runOnlyForDeploymentPostprocessing = 0;
		};
/* End PBXResourcesBuildPhase section */

/* Begin PBXSourcesBuildPhase section */
		5B29FBB01E146D0B00694CFC /* Sources */ = {
			isa = PBXSourcesBuildPhase;
			buildActionMask = 2147483647;
			files = (
				5B29FBBA1E146D0B00694CFC /* ViewController.swift in Sources */,
				5B29FBB81E146D0B00694CFC /* AppDelegate.swift in Sources */,
			);
			runOnlyForDeploymentPostprocessing = 0;
		};
/* End PBXSourcesBuildPhase section */

/* Begin PBXVariantGroup section */
		5B29FBBB1E146D0B00694CFC /* Main.storyboard */ = {
			isa = PBXVariantGroup;
			children = (
				5B29FBBC1E146D0B00694CFC /* Base */,
			);
			name = Main.storyboard;
			sourceTree = "<group>";
		};
		5B29FBC01E146D0B00694CFC /* LaunchScreen.storyboard */ = {
			isa = PBXVariantGroup;
			children = (
				5B29FBC11E146D0B00694CFC /* Base */,
			);
			name = LaunchScreen.storyboard;
			sourceTree = "<group>";
		};
/* End PBXVariantGroup section */

/* Begin XCBuildConfiguration section */
		5B29FBC41E146D0B00694CFC /* Debug */ = {
			isa = XCBuildConfiguration;
			buildSettings = {
				ALWAYS_SEARCH_USER_PATHS = NO;
				CLANG_ANALYZER_NONNULL = YES;
				CLANG_CXX_LANGUAGE_STANDARD = "gnu++0x";
				CLANG_CXX_LIBRARY = "libc++";
				CLANG_ENABLE_MODULES = YES;
				CLANG_ENABLE_OBJC_ARC = YES;
				CLANG_WARN_BOOL_CONVERSION = YES;
				CLANG_WARN_CONSTANT_CONVERSION = YES;
				CLANG_WARN_DIRECT_OBJC_ISA_USAGE = YES_ERROR;
				CLANG_WARN_EMPTY_BODY = YES;
				CLANG_WARN_ENUM_CONVERSION = YES;
				CLANG_WARN_INT_CONVERSION = YES;
				CLANG_WARN_OBJC_ROOT_CLASS = YES_ERROR;
				CLANG_WARN_UNREACHABLE_CODE = YES;
				CLANG_WARN__DUPLICATE_METHOD_MATCH = YES;
				"CODE_SIGN_IDENTITY[sdk=iphoneos*]" = "iPhone Developer";
				COPY_PHASE_STRIP = NO;
				DEBUG_INFORMATION_FORMAT = dwarf;
				ENABLE_STRICT_OBJC_MSGSEND = YES;
				ENABLE_TESTABILITY = YES;
				GCC_C_LANGUAGE_STANDARD = gnu99;
				GCC_DYNAMIC_NO_PIC = NO;
				GCC_NO_COMMON_BLOCKS = YES;
				GCC_OPTIMIZATION_LEVEL = 0;
				GCC_PREPROCESSOR_DEFINITIONS = (
					"DEBUG=1",
					"$(inherited)",
				);
				GCC_WARN_64_TO_32_BIT_CONVERSION = YES;
				GCC_WARN_ABOUT_RETURN_TYPE = YES_ERROR;
				GCC_WARN_UNDECLARED_SELECTOR = YES;
				GCC_WARN_UNINITIALIZED_AUTOS = YES_AGGRESSIVE;
				GCC_WARN_UNUSED_FUNCTION = YES;
				GCC_WARN_UNUSED_VARIABLE = YES;
				IPHONEOS_DEPLOYMENT_TARGET = 9.3;
				MTL_ENABLE_DEBUG_INFO = YES;
				ONLY_ACTIVE_ARCH = YES;
				SDKROOT = iphoneos;
				SWIFT_OPTIMIZATION_LEVEL = "-Onone";
			};
			name = Debug;
		};
		5B29FBC51E146D0B00694CFC /* Release */ = {
			isa = XCBuildConfiguration;
			buildSettings = {
				ALWAYS_SEARCH_USER_PATHS = NO;
				CLANG_ANALYZER_NONNULL = YES;
				CLANG_CXX_LANGUAGE_STANDARD = "gnu++0x";
				CLANG_CXX_LIBRARY = "libc++";
				CLANG_ENABLE_MODULES = YES;
				CLANG_ENABLE_OBJC_ARC = YES;
				CLANG_WARN_BOOL_CONVERSION = YES;
				CLANG_WARN_CONSTANT_CONVERSION = YES;
				CLANG_WARN_DIRECT_OBJC_ISA_USAGE = YES_ERROR;
				CLANG_WARN_EMPTY_BODY = YES;
				CLANG_WARN_ENUM_CONVERSION = YES;
				CLANG_WARN_INT_CONVERSION = YES;
				CLANG_WARN_OBJC_ROOT_CLASS = YES_ERROR;
				CLANG_WARN_UNREACHABLE_CODE = YES;
				CLANG_WARN__DUPLICATE_METHOD_MATCH = YES;
				"CODE_SIGN_IDENTITY[sdk=iphoneos*]" = "iPhone Developer";
				COPY_PHASE_STRIP = NO;
				DEBUG_INFORMATION_FORMAT = "dwarf-with-dsym";
				ENABLE_NS_ASSERTIONS = NO;
				ENABLE_STRICT_OBJC_MSGSEND = YES;
				GCC_C_LANGUAGE_STANDARD = gnu99;
				GCC_NO_COMMON_BLOCKS = YES;
				GCC_WARN_64_TO_32_BIT_CONVERSION = YES;
				GCC_WARN_ABOUT_RETURN_TYPE = YES_ERROR;
				GCC_WARN_UNDECLARED_SELECTOR = YES;
				GCC_WARN_UNINITIALIZED_AUTOS = YES_AGGRESSIVE;
				GCC_WARN_UNUSED_FUNCTION = YES;
				GCC_WARN_UNUSED_VARIABLE = YES;
				IPHONEOS_DEPLOYMENT_TARGET = 9.3;
				MTL_ENABLE_DEBUG_INFO = NO;
				SDKROOT = iphoneos;
				VALIDATE_PRODUCT = YES;
			};
			name = Release;
		};
		5B29FBC71E146D0B00694CFC /* Debug */ = {
			isa = XCBuildConfiguration;
			buildSettings = {
				ASSETCATALOG_COMPILER_APPICON_NAME = AppIcon;
				INFOPLIST_FILE = "JSON Demo/Info.plist";
				LD_RUNPATH_SEARCH_PATHS = "$(inherited) @executable_path/Frameworks";
				PRODUCT_BUNDLE_IDENTIFIER = "com.castraea.JSON-Demo";
				PRODUCT_NAME = "$(TARGET_NAME)";
			};
			name = Debug;
		};
		5B29FBC81E146D0B00694CFC /* Release */ = {
			isa = XCBuildConfiguration;
			buildSettings = {
				ASSETCATALOG_COMPILER_APPICON_NAME = AppIcon;
				INFOPLIST_FILE = "JSON Demo/Info.plist";
				LD_RUNPATH_SEARCH_PATHS = "$(inherited) @executable_path/Frameworks";
				PRODUCT_BUNDLE_IDENTIFIER = "com.castraea.JSON-Demo";
				PRODUCT_NAME = "$(TARGET_NAME)";
			};
			name = Release;
		};
/* End XCBuildConfiguration section */

/* Begin XCConfigurationList section */
		5B29FBAF1E146D0B00694CFC /* Build configuration list for PBXProject "JSON Demo" */ = {
			isa = XCConfigurationList;
			buildConfigurations = (
				5B29FBC41E146D0B00694CFC /* Debug */,
				5B29FBC51E146D0B00694CFC /* Release */,
			);
			defaultConfigurationIsVisible = 0;
			defaultConfigurationName = Release;
		};
		5B29FBC61E146D0B00694CFC /* Build configuration list for PBXNativeTarget "JSON Demo" */ = {
			isa = XCConfigurationList;
			buildConfigurations = (
				5B29FBC71E146D0B00694CFC /* Debug */,
				5B29FBC81E146D0B00694CFC /* Release */,
			);
			defaultConfigurationIsVisible = 0;
		};
/* End XCConfigurationList section */
	};
	rootObject = 5B29FBAC1E146D0B00694CFC /* Project object */;
}
