// !$*UTF8*$!
{
	archiveVersion = 1;
	classes = {
	};
	objectVersion = 46;
	objects = {

/* Begin PBXBuildFile section */
		5B29FBF41E1496D800694CFC /* AppDelegate.swift in Sources */ = {isa = PBXBuildFile; fileRef = 5B29FBF31E1496D800694CFC /* AppDelegate.swift */; };
		5B29FBF71E1496D800694CFC /* Blog_Reader.xcdatamodeld in Sources */ = {isa = PBXBuildFile; fileRef = 5B29FBF51E1496D800694CFC /* Blog_Reader.xcdatamodeld */; };
		5B29FBF91E1496D800694CFC /* MasterViewController.swift in Sources */ = {isa = PBXBuildFile; fileRef = 5B29FBF81E1496D800694CFC /* MasterViewController.swift */; };
		5B29FBFB1E1496D800694CFC /* DetailViewController.swift in Sources */ = {isa = PBXBuildFile; fileRef = 5B29FBFA1E1496D800694CFC /* DetailViewController.swift */; };
		5B29FBFE1E1496D800694CFC /* Main.storyboard in Resources */ = {isa = PBXBuildFile; fileRef = 5B29FBFC1E1496D800694CFC /* Main.storyboard */; };
		5B29FC001E1496D800694CFC /* Assets.xcassets in Resources */ = {isa = PBXBuildFile; fileRef = 5B29FBFF1E1496D800694CFC /* Assets.xcassets */; };
		5B29FC031E1496D800694CFC /* LaunchScreen.storyboard in Resources */ = {isa = PBXBuildFile; fileRef = 5B29FC011E1496D800694CFC /* LaunchScreen.storyboard */; };
/* End PBXBuildFile section */

/* Begin PBXFileReference section */
		5B29FBF01E1496D800694CFC /* Blog Reader.app */ = {isa = PBXFileReference; explicitFileType = wrapper.application; includeInIndex = 0; path = "Blog Reader.app"; sourceTree = BUILT_PRODUCTS_DIR; };
		5B29FBF31E1496D800694CFC /* AppDelegate.swift */ = {isa = PBXFileReference; lastKnownFileType = sourcecode.swift; path = AppDelegate.swift; sourceTree = "<group>"; };
		5B29FBF61E1496D800694CFC /* Blog_Reader.xcdatamodel */ = {isa = PBXFileReference; lastKnownFileType = wrapper.xcdatamodel; path = Blog_Reader.xcdatamodel; sourceTree = "<group>"; };
		5B29FBF81E1496D800694CFC /* MasterViewController.swift */ = {isa = PBXFileReference; lastKnownFileType = sourcecode.swift; path = MasterViewController.swift; sourceTree = "<group>"; };
		5B29FBFA1E1496D800694CFC /* DetailViewController.swift */ = {isa = PBXFileReference; lastKnownFileType = sourcecode.swift; path = DetailViewController.swift; sourceTree = "<group>"; };
		5B29FBFD1E1496D800694CFC /* Base */ = {isa = PBXFileReference; lastKnownFileType = file.storyboard; name = Base; path = Base.lproj/Main.storyboard; sourceTree = "<group>"; };
		5B29FBFF1E1496D800694CFC /* Assets.xcassets */ = {isa = PBXFileReference; lastKnownFileType = folder.assetcatalog; path = Assets.xcassets; sourceTree = "<group>"; };
		5B29FC021E1496D800694CFC /* Base */ = {isa = PBXFileReference; lastKnownFileType = file.storyboard; name = Base; path = Base.lproj/LaunchScreen.storyboard; sourceTree = "<group>"; };
		5B29FC041E1496D800694CFC /* Info.plist */ = {isa = PBXFileReference; lastKnownFileType = text.plist.xml; path = Info.plist; sourceTree = "<group>"; };
/* End PBXFileReference section */

/* Begin PBXFrameworksBuildPhase section */
		5B29FBED1E1496D800694CFC /* Frameworks */ = {
			isa = PBXFrameworksBuildPhase;
			buildActionMask = 2147483647;
			files = (
			);
			runOnlyForDeploymentPostprocessing = 0;
		};
/* End PBXFrameworksBuildPhase section */

/* Begin PBXGroup section */
		5B29FBE71E1496D800694CFC = {
			isa = PBXGroup;
			children = (
				5B29FBF21E1496D800694CFC /* Blog Reader */,
				5B29FBF11E1496D800694CFC /* Products */,
			);
			sourceTree = "<group>";
		};
		5B29FBF11E1496D800694CFC /* Products */ = {
			isa = PBXGroup;
			children = (
				5B29FBF01E1496D800694CFC /* Blog Reader.app */,
			);
			name = Products;
			sourceTree = "<group>";
		};
		5B29FBF21E1496D800694CFC /* Blog Reader */ = {
			isa = PBXGroup;
			children = (
				5B29FBF31E1496D800694CFC /* AppDelegate.swift */,
				5B29FBF81E1496D800694CFC /* MasterViewController.swift */,
				5B29FBFA1E1496D800694CFC /* DetailViewController.swift */,
				5B29FBFC1E1496D800694CFC /* Main.storyboard */,
				5B29FBFF1E1496D800694CFC /* Assets.xcassets */,
				5B29FC011E1496D800694CFC /* LaunchScreen.storyboard */,
				5B29FC041E1496D800694CFC /* Info.plist */,
				5B29FBF51E1496D800694CFC /* Blog_Reader.xcdatamodeld */,
			);
			path = "Blog Reader";
			sourceTree = "<group>";
		};
/* End PBXGroup section */

/* Begin PBXNativeTarget section */
		5B29FBEF1E1496D800694CFC /* Blog Reader */ = {
			isa = PBXNativeTarget;
			buildConfigurationList = 5B29FC071E1496D800694CFC /* Build configuration list for PBXNativeTarget "Blog Reader" */;
			buildPhases = (
				5B29FBEC1E1496D800694CFC /* Sources */,
				5B29FBED1E1496D800694CFC /* Frameworks */,
				5B29FBEE1E1496D800694CFC /* Resources */,
			);
			buildRules = (
			);
			dependencies = (
			);
			name = "Blog Reader";
			productName = "Blog Reader";
			productReference = 5B29FBF01E1496D800694CFC /* Blog Reader.app */;
			productType = "com.apple.product-type.application";
		};
/* End PBXNativeTarget section */

/* Begin PBXProject section */
		5B29FBE81E1496D800694CFC /* Project object */ = {
			isa = PBXProject;
			attributes = {
				LastSwiftUpdateCheck = 0730;
				LastUpgradeCheck = 0730;
				ORGANIZATIONNAME = castraea;
				TargetAttributes = {
					5B29FBEF1E1496D800694CFC = {
						CreatedOnToolsVersion = 7.3.1;
					};
				};
			};
			buildConfigurationList = 5B29FBEB1E1496D800694CFC /* Build configuration list for PBXProject "Blog Reader" */;
			compatibilityVersion = "Xcode 3.2";
			developmentRegion = English;
			hasScannedForEncodings = 0;
			knownRegions = (
				en,
				Base,
			);
			mainGroup = 5B29FBE71E1496D800694CFC;
			productRefGroup = 5B29FBF11E1496D800694CFC /* Products */;
			projectDirPath = "";
			projectRoot = "";
			targets = (
				5B29FBEF1E1496D800694CFC /* Blog Reader */,
			);
		};
/* End PBXProject section */

/* Begin PBXResourcesBuildPhase section */
		5B29FBEE1E1496D800694CFC /* Resources */ = {
			isa = PBXResourcesBuildPhase;
			buildActionMask = 2147483647;
			files = (
				5B29FC031E1496D800694CFC /* LaunchScreen.storyboard in Resources */,
				5B29FC001E1496D800694CFC /* Assets.xcassets in Resources */,
				5B29FBFE1E1496D800694CFC /* Main.storyboard in Resources */,
			);
			runOnlyForDeploymentPostprocessing = 0;
		};
/* End PBXResourcesBuildPhase section */

/* Begin PBXSourcesBuildPhase section */
		5B29FBEC1E1496D800694CFC /* Sources */ = {
			isa = PBXSourcesBuildPhase;
			buildActionMask = 2147483647;
			files = (
				5B29FBF71E1496D800694CFC /* Blog_Reader.xcdatamodeld in Sources */,
				5B29FBF41E1496D800694CFC /* AppDelegate.swift in Sources */,
				5B29FBF91E1496D800694CFC /* MasterViewController.swift in Sources */,
				5B29FBFB1E1496D800694CFC /* DetailViewController.swift in Sources */,
			);
			runOnlyForDeploymentPostprocessing = 0;
		};
/* End PBXSourcesBuildPhase section */

/* Begin PBXVariantGroup section */
		5B29FBFC1E1496D800694CFC /* Main.storyboard */ = {
			isa = PBXVariantGroup;
			children = (
				5B29FBFD1E1496D800694CFC /* Base */,
			);
			name = Main.storyboard;
			sourceTree = "<group>";
		};
		5B29FC011E1496D800694CFC /* LaunchScreen.storyboard */ = {
			isa = PBXVariantGroup;
			children = (
				5B29FC021E1496D800694CFC /* Base */,
			);
			name = LaunchScreen.storyboard;
			sourceTree = "<group>";
		};
/* End PBXVariantGroup section */

/* Begin XCBuildConfiguration section */
		5B29FC051E1496D800694CFC /* Debug */ = {
			isa = XCBuildConfiguration;
			buildSettings = {
				ALWAYS_SEARCH_USER_PATHS = NO;
				CLANG_ANALYZER_NONNULL = YES;
				CLANG_CXX_LANGUAGE_STANDARD = "gnu++0x";
				CLANG_CXX_LIBRARY = "libc++";
				CLANG_ENABLE_MODULES = YES;
				CLANG_ENABLE_OBJC_ARC = YES;
				CLANG_WARN_BOOL_CONVERSION = YES;
				CLANG_WARN_CONSTANT_CONVERSION = YES;
				CLANG_WARN_DIRECT_OBJC_ISA_USAGE = YES_ERROR;
				CLANG_WARN_EMPTY_BODY = YES;
				CLANG_WARN_ENUM_CONVERSION = YES;
				CLANG_WARN_INT_CONVERSION = YES;
				CLANG_WARN_OBJC_ROOT_CLASS = YES_ERROR;
				CLANG_WARN_UNREACHABLE_CODE = YES;
				CLANG_WARN__DUPLICATE_METHOD_MATCH = YES;
				"CODE_SIGN_IDENTITY[sdk=iphoneos*]" = "iPhone Developer";
				COPY_PHASE_STRIP = NO;
				DEBUG_INFORMATION_FORMAT = dwarf;
				ENABLE_STRICT_OBJC_MSGSEND = YES;
				ENABLE_TESTABILITY = YES;
				GCC_C_LANGUAGE_STANDARD = gnu99;
				GCC_DYNAMIC_NO_PIC = NO;
				GCC_NO_COMMON_BLOCKS = YES;
				GCC_OPTIMIZATION_LEVEL = 0;
				GCC_PREPROCESSOR_DEFINITIONS = (
					"DEBUG=1",
					"$(inherited)",
				);
				GCC_WARN_64_TO_32_BIT_CONVERSION = YES;
				GCC_WARN_ABOUT_RETURN_TYPE = YES_ERROR;
				GCC_WARN_UNDECLARED_SELECTOR = YES;
				GCC_WARN_UNINITIALIZED_AUTOS = YES_AGGRESSIVE;
				GCC_WARN_UNUSED_FUNCTION = YES;
				GCC_WARN_UNUSED_VARIABLE = YES;
				IPHONEOS_DEPLOYMENT_TARGET = 9.3;
				MTL_ENABLE_DEBUG_INFO = YES;
				ONLY_ACTIVE_ARCH = YES;
				SDKROOT = iphoneos;
				SWIFT_OPTIMIZATION_LEVEL = "-Onone";
			};
			name = Debug;
		};
		5B29FC061E1496D800694CFC /* Release */ = {
			isa = XCBuildConfiguration;
			buildSettings = {
				ALWAYS_SEARCH_USER_PATHS = NO;
				CLANG_ANALYZER_NONNULL = YES;
				CLANG_CXX_LANGUAGE_STANDARD = "gnu++0x";
				CLANG_CXX_LIBRARY = "libc++";
				CLANG_ENABLE_MODULES = YES;
				CLANG_ENABLE_OBJC_ARC = YES;
				CLANG_WARN_BOOL_CONVERSION = YES;
				CLANG_WARN_CONSTANT_CONVERSION = YES;
				CLANG_WARN_DIRECT_OBJC_ISA_USAGE = YES_ERROR;
				CLANG_WARN_EMPTY_BODY = YES;
				CLANG_WARN_ENUM_CONVERSION = YES;
				CLANG_WARN_INT_CONVERSION = YES;
				CLANG_WARN_OBJC_ROOT_CLASS = YES_ERROR;
				CLANG_WARN_UNREACHABLE_CODE = YES;
				CLANG_WARN__DUPLICATE_METHOD_MATCH = YES;
				"CODE_SIGN_IDENTITY[sdk=iphoneos*]" = "iPhone Developer";
				COPY_PHASE_STRIP = NO;
				DEBUG_INFORMATION_FORMAT = "dwarf-with-dsym";
				ENABLE_NS_ASSERTIONS = NO;
				ENABLE_STRICT_OBJC_MSGSEND = YES;
				GCC_C_LANGUAGE_STANDARD = gnu99;
				GCC_NO_COMMON_BLOCKS = YES;
				GCC_WARN_64_TO_32_BIT_CONVERSION = YES;
				GCC_WARN_ABOUT_RETURN_TYPE = YES_ERROR;
				GCC_WARN_UNDECLARED_SELECTOR = YES;
				GCC_WARN_UNINITIALIZED_AUTOS = YES_AGGRESSIVE;
				GCC_WARN_UNUSED_FUNCTION = YES;
				GCC_WARN_UNUSED_VARIABLE = YES;
				IPHONEOS_DEPLOYMENT_TARGET = 9.3;
				MTL_ENABLE_DEBUG_INFO = NO;
				SDKROOT = iphoneos;
				VALIDATE_PRODUCT = YES;
			};
			name = Release;
		};
		5B29FC081E1496D800694CFC /* Debug */ = {
			isa = XCBuildConfiguration;
			buildSettings = {
				ASSETCATALOG_COMPILER_APPICON_NAME = AppIcon;
				INFOPLIST_FILE = "Blog Reader/Info.plist";
				LD_RUNPATH_SEARCH_PATHS = "$(inherited) @executable_path/Frameworks";
				PRODUCT_BUNDLE_IDENTIFIER = "com.castraea.Blog-Reader";
				PRODUCT_NAME = "$(TARGET_NAME)";
			};
			name = Debug;
		};
		5B29FC091E1496D800694CFC /* Release */ = {
			isa = XCBuildConfiguration;
			buildSettings = {
				ASSETCATALOG_COMPILER_APPICON_NAME = AppIcon;
				INFOPLIST_FILE = "Blog Reader/Info.plist";
				LD_RUNPATH_SEARCH_PATHS = "$(inherited) @executable_path/Frameworks";
				PRODUCT_BUNDLE_IDENTIFIER = "com.castraea.Blog-Reader";
				PRODUCT_NAME = "$(TARGET_NAME)";
			};
			name = Release;
		};
/* End XCBuildConfiguration section */

/* Begin XCConfigurationList section */
		5B29FBEB1E1496D800694CFC /* Build configuration list for PBXProject "Blog Reader" */ = {
			isa = XCConfigurationList;
			buildConfigurations = (
				5B29FC051E1496D800694CFC /* Debug */,
				5B29FC061E1496D800694CFC /* Release */,
			);
			defaultConfigurationIsVisible = 0;
			defaultConfigurationName = Release;
		};
		5B29FC071E1496D800694CFC /* Build configuration list for PBXNativeTarget "Blog Reader" */ = {
			isa = XCConfigurationList;
			buildConfigurations = (
				5B29FC081E1496D800694CFC /* Debug */,
				5B29FC091E1496D800694CFC /* Release */,
			);
			defaultConfigurationIsVisible = 0;
		};
/* End XCConfigurationList section */

/* Begin XCVersionGroup section */
		5B29FBF51E1496D800694CFC /* Blog_Reader.xcdatamodeld */ = {
			isa = XCVersionGroup;
			children = (
				5B29FBF61E1496D800694CFC /* Blog_Reader.xcdatamodel */,
			);
			currentVersion = 5B29FBF61E1496D800694CFC /* Blog_Reader.xcdatamodel */;
			path = Blog_Reader.xcdatamodeld;
			sourceTree = "<group>";
			versionGroupType = wrapper.xcdatamodel;
		};
/* End XCVersionGroup section */
	};
	rootObject = 5B29FBE81E1496D800694CFC /* Project object */;
}
